// !$*UTF8*$!
{
	archiveVersion = 1;
	classes = {
	};
	objectVersion = 56;
	objects = {

/* Begin PBXBuildFile section */
		EAF010D62B7E4CF400219991 /* AppDelegate.swift in Sources */ = {isa = PBXBuildFile; fileRef = EAF010D52B7E4CF400219991 /* AppDelegate.swift */; };
		EAF010D82B7E4CF400219991 /* SceneDelegate.swift in Sources */ = {isa = PBXBuildFile; fileRef = EAF010D72B7E4CF400219991 /* SceneDelegate.swift */; };
		EAF010DA2B7E4CF400219991 /* ViewController.swift in Sources */ = {isa = PBXBuildFile; fileRef = EAF010D92B7E4CF400219991 /* ViewController.swift */; };
		EAF010DD2B7E4CF400219991 /* Main.storyboard in Resources */ = {isa = PBXBuildFile; fileRef = EAF010DB2B7E4CF400219991 /* Main.storyboard */; };
		EAF010DF2B7E4CF500219991 /* Assets.xcassets in Resources */ = {isa = PBXBuildFile; fileRef = EAF010DE2B7E4CF500219991 /* Assets.xcassets */; };
		EAF010E22B7E4CF500219991 /* LaunchScreen.storyboard in Resources */ = {isa = PBXBuildFile; fileRef = EAF010E02B7E4CF500219991 /* LaunchScreen.storyboard */; };
		EAF010ED2B7E4CF500219991 /* WarCardGameTests.swift in Sources */ = {isa = PBXBuildFile; fileRef = EAF010EC2B7E4CF500219991 /* WarCardGameTests.swift */; };
		EAF010F72B7E4CF500219991 /* WarCardGameUITests.swift in Sources */ = {isa = PBXBuildFile; fileRef = EAF010F62B7E4CF500219991 /* WarCardGameUITests.swift */; };
		EAF010F92B7E4CF500219991 /* WarCardGameUITestsLaunchTests.swift in Sources */ = {isa = PBXBuildFile; fileRef = EAF010F82B7E4CF500219991 /* WarCardGameUITestsLaunchTests.swift */; };
/* End PBXBuildFile section */

/* Begin PBXContainerItemProxy section */
		EAF010E92B7E4CF500219991 /* PBXContainerItemProxy */ = {
			isa = PBXContainerItemProxy;
			containerPortal = EAF010CA2B7E4CF400219991 /* Project object */;
			proxyType = 1;
			remoteGlobalIDString = EAF010D12B7E4CF400219991;
			remoteInfo = WarCardGame;
		};
		EAF010F32B7E4CF500219991 /* PBXContainerItemProxy */ = {
			isa = PBXContainerItemProxy;
			containerPortal = EAF010CA2B7E4CF400219991 /* Project object */;
			proxyType = 1;
			remoteGlobalIDString = EAF010D12B7E4CF400219991;
			remoteInfo = WarCardGame;
		};
/* End PBXContainerItemProxy section */

/* Begin PBXFileReference section */
		EAF010D22B7E4CF400219991 /* WarCardGame.app */ = {isa = PBXFileReference; explicitFileType = wrapper.application; includeInIndex = 0; path = WarCardGame.app; sourceTree = BUILT_PRODUCTS_DIR; };
		EAF010D52B7E4CF400219991 /* AppDelegate.swift */ = {isa = PBXFileReference; lastKnownFileType = sourcecode.swift; path = AppDelegate.swift; sourceTree = "<group>"; };
		EAF010D72B7E4CF400219991 /* SceneDelegate.swift */ = {isa = PBXFileReference; lastKnownFileType = sourcecode.swift; path = SceneDelegate.swift; sourceTree = "<group>"; };
		EAF010D92B7E4CF400219991 /* ViewController.swift */ = {isa = PBXFileReference; lastKnownFileType = sourcecode.swift; path = ViewController.swift; sourceTree = "<group>"; };
		EAF010DC2B7E4CF400219991 /* Base */ = {isa = PBXFileReference; lastKnownFileType = file.storyboard; name = Base; path = Base.lproj/Main.storyboard; sourceTree = "<group>"; };
		EAF010DE2B7E4CF500219991 /* Assets.xcassets */ = {isa = PBXFileReference; lastKnownFileType = folder.assetcatalog; path = Assets.xcassets; sourceTree = "<group>"; };
		EAF010E12B7E4CF500219991 /* Base */ = {isa = PBXFileReference; lastKnownFileType = file.storyboard; name = Base; path = Base.lproj/LaunchScreen.storyboard; sourceTree = "<group>"; };
		EAF010E32B7E4CF500219991 /* Info.plist */ = {isa = PBXFileReference; lastKnownFileType = text.plist.xml; path = Info.plist; sourceTree = "<group>"; };
		EAF010E82B7E4CF500219991 /* WarCardGameTests.xctest */ = {isa = PBXFileReference; explicitFileType = wrapper.cfbundle; includeInIndex = 0; path = WarCardGameTests.xctest; sourceTree = BUILT_PRODUCTS_DIR; };
		EAF010EC2B7E4CF500219991 /* WarCardGameTests.swift */ = {isa = PBXFileReference; lastKnownFileType = sourcecode.swift; path = WarCardGameTests.swift; sourceTree = "<group>"; };
		EAF010F22B7E4CF500219991 /* WarCardGameUITests.xctest */ = {isa = PBXFileReference; explicitFileType = wrapper.cfbundle; includeInIndex = 0; path = WarCardGameUITests.xctest; sourceTree = BUILT_PRODUCTS_DIR; };
		EAF010F62B7E4CF500219991 /* WarCardGameUITests.swift */ = {isa = PBXFileReference; lastKnownFileType = sourcecode.swift; path = WarCardGameUITests.swift; sourceTree = "<group>"; };
		EAF010F82B7E4CF500219991 /* WarCardGameUITestsLaunchTests.swift */ = {isa = PBXFileReference; lastKnownFileType = sourcecode.swift; path = WarCardGameUITestsLaunchTests.swift; sourceTree = "<group>"; };
/* End PBXFileReference section */

/* Begin PBXFrameworksBuildPhase section */
		EAF010CF2B7E4CF400219991 /* Frameworks */ = {
			isa = PBXFrameworksBuildPhase;
			buildActionMask = 2147483647;
			files = (
			);
			runOnlyForDeploymentPostprocessing = 0;
		};
		EAF010E52B7E4CF500219991 /* Frameworks */ = {
			isa = PBXFrameworksBuildPhase;
			buildActionMask = 2147483647;
			files = (
			);
			runOnlyForDeploymentPostprocessing = 0;
		};
		EAF010EF2B7E4CF500219991 /* Frameworks */ = {
			isa = PBXFrameworksBuildPhase;
			buildActionMask = 2147483647;
			files = (
			);
			runOnlyForDeploymentPostprocessing = 0;
		};
/* End PBXFrameworksBuildPhase section */

/* Begin PBXGroup section */
		EAF010C92B7E4CF400219991 = {
			isa = PBXGroup;
			children = (
				EAF010D42B7E4CF400219991 /* WarCardGame */,
				EAF010EB2B7E4CF500219991 /* WarCardGameTests */,
				EAF010F52B7E4CF500219991 /* WarCardGameUITests */,
				EAF010D32B7E4CF400219991 /* Products */,
			);
			sourceTree = "<group>";
		};
		EAF010D32B7E4CF400219991 /* Products */ = {
			isa = PBXGroup;
			children = (
				EAF010D22B7E4CF400219991 /* WarCardGame.app */,
				EAF010E82B7E4CF500219991 /* WarCardGameTests.xctest */,
				EAF010F22B7E4CF500219991 /* WarCardGameUITests.xctest */,
			);
			name = Products;
			sourceTree = "<group>";
		};
		EAF010D42B7E4CF400219991 /* WarCardGame */ = {
			isa = PBXGroup;
			children = (
				EAF010D52B7E4CF400219991 /* AppDelegate.swift */,
				EAF010D72B7E4CF400219991 /* SceneDelegate.swift */,
				EAF010D92B7E4CF400219991 /* ViewController.swift */,
				EAF010DB2B7E4CF400219991 /* Main.storyboard */,
				EAF010DE2B7E4CF500219991 /* Assets.xcassets */,
				EAF010E02B7E4CF500219991 /* LaunchScreen.storyboard */,
				EAF010E32B7E4CF500219991 /* Info.plist */,
			);
			path = WarCardGame;
			sourceTree = "<group>";
		};
		EAF010EB2B7E4CF500219991 /* WarCardGameTests */ = {
			isa = PBXGroup;
			children = (
				EAF010EC2B7E4CF500219991 /* WarCardGameTests.swift */,
			);
			path = WarCardGameTests;
			sourceTree = "<group>";
		};
		EAF010F52B7E4CF500219991 /* WarCardGameUITests */ = {
			isa = PBXGroup;
			children = (
				EAF010F62B7E4CF500219991 /* WarCardGameUITests.swift */,
				EAF010F82B7E4CF500219991 /* WarCardGameUITestsLaunchTests.swift */,
			);
			path = WarCardGameUITests;
			sourceTree = "<group>";
		};
/* End PBXGroup section */

/* Begin PBXNativeTarget section */
		EAF010D12B7E4CF400219991 /* WarCardGame */ = {
			isa = PBXNativeTarget;
			buildConfigurationList = EAF010FC2B7E4CF500219991 /* Build configuration list for PBXNativeTarget "WarCardGame" */;
			buildPhases = (
				EAF010CE2B7E4CF400219991 /* Sources */,
				EAF010CF2B7E4CF400219991 /* Frameworks */,
				EAF010D02B7E4CF400219991 /* Resources */,
			);
			buildRules = (
			);
			dependencies = (
			);
			name = WarCardGame;
			productName = WarCardGame;
			productReference = EAF010D22B7E4CF400219991 /* WarCardGame.app */;
			productType = "com.apple.product-type.application";
		};
		EAF010E72B7E4CF500219991 /* WarCardGameTests */ = {
			isa = PBXNativeTarget;
			buildConfigurationList = EAF010FF2B7E4CF500219991 /* Build configuration list for PBXNativeTarget "WarCardGameTests" */;
			buildPhases = (
				EAF010E42B7E4CF500219991 /* Sources */,
				EAF010E52B7E4CF500219991 /* Frameworks */,
				EAF010E62B7E4CF500219991 /* Resources */,
			);
			buildRules = (
			);
			dependencies = (
				EAF010EA2B7E4CF500219991 /* PBXTargetDependency */,
			);
			name = WarCardGameTests;
			productName = WarCardGameTests;
			productReference = EAF010E82B7E4CF500219991 /* WarCardGameTests.xctest */;
			productType = "com.apple.product-type.bundle.unit-test";
		};
		EAF010F12B7E4CF500219991 /* WarCardGameUITests */ = {
			isa = PBXNativeTarget;
			buildConfigurationList = EAF011022B7E4CF500219991 /* Build configuration list for PBXNativeTarget "WarCardGameUITests" */;
			buildPhases = (
				EAF010EE2B7E4CF500219991 /* Sources */,
				EAF010EF2B7E4CF500219991 /* Frameworks */,
				EAF010F02B7E4CF500219991 /* Resources */,
			);
			buildRules = (
			);
			dependencies = (
				EAF010F42B7E4CF500219991 /* PBXTargetDependency */,
			);
			name = WarCardGameUITests;
			productName = WarCardGameUITests;
			productReference = EAF010F22B7E4CF500219991 /* WarCardGameUITests.xctest */;
			productType = "com.apple.product-type.bundle.ui-testing";
		};
/* End PBXNativeTarget section */

/* Begin PBXProject section */
		EAF010CA2B7E4CF400219991 /* Project object */ = {
			isa = PBXProject;
			attributes = {
				BuildIndependentTargetsInParallel = 1;
				LastSwiftUpdateCheck = 1520;
				LastUpgradeCheck = 1520;
				TargetAttributes = {
					EAF010D12B7E4CF400219991 = {
						CreatedOnToolsVersion = 15.2;
					};
					EAF010E72B7E4CF500219991 = {
						CreatedOnToolsVersion = 15.2;
						TestTargetID = EAF010D12B7E4CF400219991;
					};
					EAF010F12B7E4CF500219991 = {
						CreatedOnToolsVersion = 15.2;
						TestTargetID = EAF010D12B7E4CF400219991;
					};
				};
			};
			buildConfigurationList = EAF010CD2B7E4CF400219991 /* Build configuration list for PBXProject "WarCardGame" */;
			compatibilityVersion = "Xcode 14.0";
			developmentRegion = en;
			hasScannedForEncodings = 0;
			knownRegions = (
				en,
				Base,
			);
			mainGroup = EAF010C92B7E4CF400219991;
			productRefGroup = EAF010D32B7E4CF400219991 /* Products */;
			projectDirPath = "";
			projectRoot = "";
			targets = (
				EAF010D12B7E4CF400219991 /* WarCardGame */,
				EAF010E72B7E4CF500219991 /* WarCardGameTests */,
				EAF010F12B7E4CF500219991 /* WarCardGameUITests */,
			);
		};
/* End PBXProject section */

/* Begin PBXResourcesBuildPhase section */
		EAF010D02B7E4CF400219991 /* Resources */ = {
			isa = PBXResourcesBuildPhase;
			buildActionMask = 2147483647;
			files = (
				EAF010E22B7E4CF500219991 /* LaunchScreen.storyboard in Resources */,
				EAF010DF2B7E4CF500219991 /* Assets.xcassets in Resources */,
				EAF010DD2B7E4CF400219991 /* Main.storyboard in Resources */,
			);
			runOnlyForDeploymentPostprocessing = 0;
		};
		EAF010E62B7E4CF500219991 /* Resources */ = {
			isa = PBXResourcesBuildPhase;
			buildActionMask = 2147483647;
			files = (
			);
			runOnlyForDeploymentPostprocessing = 0;
		};
		EAF010F02B7E4CF500219991 /* Resources */ = {
			isa = PBXResourcesBuildPhase;
			buildActionMask = 2147483647;
			files = (
			);
			runOnlyForDeploymentPostprocessing = 0;
		};
/* End PBXResourcesBuildPhase section */

/* Begin PBXSourcesBuildPhase section */
		EAF010CE2B7E4CF400219991 /* Sources */ = {
			isa = PBXSourcesBuildPhase;
			buildActionMask = 2147483647;
			files = (
				EAF010DA2B7E4CF400219991 /* ViewController.swift in Sources */,
				EAF010D62B7E4CF400219991 /* AppDelegate.swift in Sources */,
				EAF010D82B7E4CF400219991 /* SceneDelegate.swift in Sources */,
			);
			runOnlyForDeploymentPostprocessing = 0;
		};
		EAF010E42B7E4CF500219991 /* Sources */ = {
			isa = PBXSourcesBuildPhase;
			buildActionMask = 2147483647;
			files = (
				EAF010ED2B7E4CF500219991 /* WarCardGameTests.swift in Sources */,
			);
			runOnlyForDeploymentPostprocessing = 0;
		};
		EAF010EE2B7E4CF500219991 /* Sources */ = {
			isa = PBXSourcesBuildPhase;
			buildActionMask = 2147483647;
			files = (
				EAF010F72B7E4CF500219991 /* WarCardGameUITests.swift in Sources */,
				EAF010F92B7E4CF500219991 /* WarCardGameUITestsLaunchTests.swift in Sources */,
			);
			runOnlyForDeploymentPostprocessing = 0;
		};
/* End PBXSourcesBuildPhase section */

/* Begin PBXTargetDependency section */
		EAF010EA2B7E4CF500219991 /* PBXTargetDependency */ = {
			isa = PBXTargetDependency;
			target = EAF010D12B7E4CF400219991 /* WarCardGame */;
			targetProxy = EAF010E92B7E4CF500219991 /* PBXContainerItemProxy */;
		};
		EAF010F42B7E4CF500219991 /* PBXTargetDependency */ = {
			isa = PBXTargetDependency;
			target = EAF010D12B7E4CF400219991 /* WarCardGame */;
			targetProxy = EAF010F32B7E4CF500219991 /* PBXContainerItemProxy */;
		};
/* End PBXTargetDependency section */

/* Begin PBXVariantGroup section */
		EAF010DB2B7E4CF400219991 /* Main.storyboard */ = {
			isa = PBXVariantGroup;
			children = (
				EAF010DC2B7E4CF400219991 /* Base */,
			);
			name = Main.storyboard;
			sourceTree = "<group>";
		};
		EAF010E02B7E4CF500219991 /* LaunchScreen.storyboard */ = {
			isa = PBXVariantGroup;
			children = (
				EAF010E12B7E4CF500219991 /* Base */,
			);
			name = LaunchScreen.storyboard;
			sourceTree = "<group>";
		};
/* End PBXVariantGroup section */

/* Begin XCBuildConfiguration section */
		EAF010FA2B7E4CF500219991 /* Debug */ = {
			isa = XCBuildConfiguration;
			buildSettings = {
				ALWAYS_SEARCH_USER_PATHS = NO;
				ASSETCATALOG_COMPILER_GENERATE_SWIFT_ASSET_SYMBOL_EXTENSIONS = YES;
				CLANG_ANALYZER_NONNULL = YES;
				CLANG_ANALYZER_NUMBER_OBJECT_CONVERSION = YES_AGGRESSIVE;
				CLANG_CXX_LANGUAGE_STANDARD = "gnu++20";
				CLANG_ENABLE_MODULES = YES;
				CLANG_ENABLE_OBJC_ARC = YES;
				CLANG_ENABLE_OBJC_WEAK = YES;
				CLANG_WARN_BLOCK_CAPTURE_AUTORELEASING = YES;
				CLANG_WARN_BOOL_CONVERSION = YES;
				CLANG_WARN_COMMA = YES;
				CLANG_WARN_CONSTANT_CONVERSION = YES;
				CLANG_WARN_DEPRECATED_OBJC_IMPLEMENTATIONS = YES;
				CLANG_WARN_DIRECT_OBJC_ISA_USAGE = YES_ERROR;
				CLANG_WARN_DOCUMENTATION_COMMENTS = YES;
				CLANG_WARN_EMPTY_BODY = YES;
				CLANG_WARN_ENUM_CONVERSION = YES;
				CLANG_WARN_INFINITE_RECURSION = YES;
				CLANG_WARN_INT_CONVERSION = YES;
				CLANG_WARN_NON_LITERAL_NULL_CONVERSION = YES;
				CLANG_WARN_OBJC_IMPLICIT_RETAIN_SELF = YES;
				CLANG_WARN_OBJC_LITERAL_CONVERSION = YES;
				CLANG_WARN_OBJC_ROOT_CLASS = YES_ERROR;
				CLANG_WARN_QUOTED_INCLUDE_IN_FRAMEWORK_HEADER = YES;
				CLANG_WARN_RANGE_LOOP_ANALYSIS = YES;
				CLANG_WARN_STRICT_PROTOTYPES = YES;
				CLANG_WARN_SUSPICIOUS_MOVE = YES;
				CLANG_WARN_UNGUARDED_AVAILABILITY = YES_AGGRESSIVE;
				CLANG_WARN_UNREACHABLE_CODE = YES;
				CLANG_WARN__DUPLICATE_METHOD_MATCH = YES;
				COPY_PHASE_STRIP = NO;
				DEBUG_INFORMATION_FORMAT = dwarf;
				ENABLE_STRICT_OBJC_MSGSEND = YES;
				ENABLE_TESTABILITY = YES;
				ENABLE_USER_SCRIPT_SANDBOXING = YES;
				GCC_C_LANGUAGE_STANDARD = gnu17;
				GCC_DYNAMIC_NO_PIC = NO;
				GCC_NO_COMMON_BLOCKS = YES;
				GCC_OPTIMIZATION_LEVEL = 0;
				GCC_PREPROCESSOR_DEFINITIONS = (
					"DEBUG=1",
					"$(inherited)",
				);
				GCC_WARN_64_TO_32_BIT_CONVERSION = YES;
				GCC_WARN_ABOUT_RETURN_TYPE = YES_ERROR;
				GCC_WARN_UNDECLARED_SELECTOR = YES;
				GCC_WARN_UNINITIALIZED_AUTOS = YES_AGGRESSIVE;
				GCC_WARN_UNUSED_FUNCTION = YES;
				GCC_WARN_UNUSED_VARIABLE = YES;
				IPHONEOS_DEPLOYMENT_TARGET = 17.2;
				LOCALIZATION_PREFERS_STRING_CATALOGS = YES;
				MTL_ENABLE_DEBUG_INFO = INCLUDE_SOURCE;
				MTL_FAST_MATH = YES;
				ONLY_ACTIVE_ARCH = YES;
				SDKROOT = iphoneos;
				SWIFT_ACTIVE_COMPILATION_CONDITIONS = "DEBUG $(inherited)";
				SWIFT_OPTIMIZATION_LEVEL = "-Onone";
			};
			name = Debug;
		};
		EAF010FB2B7E4CF500219991 /* Release */ = {
			isa = XCBuildConfiguration;
			buildSettings = {
				ALWAYS_SEARCH_USER_PATHS = NO;
				ASSETCATALOG_COMPILER_GENERATE_SWIFT_ASSET_SYMBOL_EXTENSIONS = YES;
				CLANG_ANALYZER_NONNULL = YES;
				CLANG_ANALYZER_NUMBER_OBJECT_CONVERSION = YES_AGGRESSIVE;
				CLANG_CXX_LANGUAGE_STANDARD = "gnu++20";
				CLANG_ENABLE_MODULES = YES;
				CLANG_ENABLE_OBJC_ARC = YES;
				CLANG_ENABLE_OBJC_WEAK = YES;
				CLANG_WARN_BLOCK_CAPTURE_AUTORELEASING = YES;
				CLANG_WARN_BOOL_CONVERSION = YES;
				CLANG_WARN_COMMA = YES;
				CLANG_WARN_CONSTANT_CONVERSION = YES;
				CLANG_WARN_DEPRECATED_OBJC_IMPLEMENTATIONS = YES;
				CLANG_WARN_DIRECT_OBJC_ISA_USAGE = YES_ERROR;
				CLANG_WARN_DOCUMENTATION_COMMENTS = YES;
				CLANG_WARN_EMPTY_BODY = YES;
				CLANG_WARN_ENUM_CONVERSION = YES;
				CLANG_WARN_INFINITE_RECURSION = YES;
				CLANG_WARN_INT_CONVERSION = YES;
				CLANG_WARN_NON_LITERAL_NULL_CONVERSION = YES;
				CLANG_WARN_OBJC_IMPLICIT_RETAIN_SELF = YES;
				CLANG_WARN_OBJC_LITERAL_CONVERSION = YES;
				CLANG_WARN_OBJC_ROOT_CLASS = YES_ERROR;
				CLANG_WARN_QUOTED_INCLUDE_IN_FRAMEWORK_HEADER = YES;
				CLANG_WARN_RANGE_LOOP_ANALYSIS = YES;
				CLANG_WARN_STRICT_PROTOTYPES = YES;
				CLANG_WARN_SUSPICIOUS_MOVE = YES;
				CLANG_WARN_UNGUARDED_AVAILABILITY = YES_AGGRESSIVE;
				CLANG_WARN_UNREACHABLE_CODE = YES;
				CLANG_WARN__DUPLICATE_METHOD_MATCH = YES;
				COPY_PHASE_STRIP = NO;
				DEBUG_INFORMATION_FORMAT = "dwarf-with-dsym";
				ENABLE_NS_ASSERTIONS = NO;
				ENABLE_STRICT_OBJC_MSGSEND = YES;
				ENABLE_USER_SCRIPT_SANDBOXING = YES;
				GCC_C_LANGUAGE_STANDARD = gnu17;
				GCC_NO_COMMON_BLOCKS = YES;
				GCC_WARN_64_TO_32_BIT_CONVERSION = YES;
				GCC_WARN_ABOUT_RETURN_TYPE = YES_ERROR;
				GCC_WARN_UNDECLARED_SELECTOR = YES;
				GCC_WARN_UNINITIALIZED_AUTOS = YES_AGGRESSIVE;
				GCC_WARN_UNUSED_FUNCTION = YES;
				GCC_WARN_UNUSED_VARIABLE = YES;
				IPHONEOS_DEPLOYMENT_TARGET = 17.2;
				LOCALIZATION_PREFERS_STRING_CATALOGS = YES;
				MTL_ENABLE_DEBUG_INFO = NO;
				MTL_FAST_MATH = YES;
				SDKROOT = iphoneos;
				SWIFT_COMPILATION_MODE = wholemodule;
				VALIDATE_PRODUCT = YES;
			};
			name = Release;
		};
		EAF010FD2B7E4CF500219991 /* Debug */ = {
			isa = XCBuildConfiguration;
			buildSettings = {
				ASSETCATALOG_COMPILER_APPICON_NAME = AppIcon;
				ASSETCATALOG_COMPILER_GLOBAL_ACCENT_COLOR_NAME = AccentColor;
				CODE_SIGN_STYLE = Automatic;
				CURRENT_PROJECT_VERSION = 1;
				DEVELOPMENT_TEAM = 43LWQ6KRDR;
				GENERATE_INFOPLIST_FILE = YES;
				INFOPLIST_FILE = WarCardGame/Info.plist;
				INFOPLIST_KEY_UIApplicationSupportsIndirectInputEvents = YES;
				INFOPLIST_KEY_UILaunchStoryboardName = LaunchScreen;
				INFOPLIST_KEY_UIMainStoryboardFile = Main;
				INFOPLIST_KEY_UISupportedInterfaceOrientations_iPad = "UIInterfaceOrientationPortrait UIInterfaceOrientationPortraitUpsideDown UIInterfaceOrientationLandscapeLeft UIInterfaceOrientationLandscapeRight";
				INFOPLIST_KEY_UISupportedInterfaceOrientations_iPhone = "UIInterfaceOrientationPortrait UIInterfaceOrientationLandscapeLeft UIInterfaceOrientationLandscapeRight";
				LD_RUNPATH_SEARCH_PATHS = (
					"$(inherited)",
					"@executable_path/Frameworks",
				);
				MARKETING_VERSION = 1.0;
				PRODUCT_BUNDLE_IDENTIFIER = com.jesusguerrero.WarCardGame;
				PRODUCT_NAME = "$(TARGET_NAME)";
				SWIFT_EMIT_LOC_STRINGS = YES;
				SWIFT_VERSION = 5.0;
				TARGETED_DEVICE_FAMILY = "1,2";
			};
			name = Debug;
		};
		EAF010FE2B7E4CF500219991 /* Release */ = {
			isa = XCBuildConfiguration;
			buildSettings = {
				ASSETCATALOG_COMPILER_APPICON_NAME = AppIcon;
				ASSETCATALOG_COMPILER_GLOBAL_ACCENT_COLOR_NAME = AccentColor;
				CODE_SIGN_STYLE = Automatic;
				CURRENT_PROJECT_VERSION = 1;
				DEVELOPMENT_TEAM = 43LWQ6KRDR;
				GENERATE_INFOPLIST_FILE = YES;
				INFOPLIST_FILE = WarCardGame/Info.plist;
				INFOPLIST_KEY_UIApplicationSupportsIndirectInputEvents = YES;
				INFOPLIST_KEY_UILaunchStoryboardName = LaunchScreen;
				INFOPLIST_KEY_UIMainStoryboardFile = Main;
				INFOPLIST_KEY_UISupportedInterfaceOrientations_iPad = "UIInterfaceOrientationPortrait UIInterfaceOrientationPortraitUpsideDown UIInterfaceOrientationLandscapeLeft UIInterfaceOrientationLandscapeRight";
				INFOPLIST_KEY_UISupportedInterfaceOrientations_iPhone = "UIInterfaceOrientationPortrait UIInterfaceOrientationLandscapeLeft UIInterfaceOrientationLandscapeRight";
				LD_RUNPATH_SEARCH_PATHS = (
					"$(inherited)",
					"@executable_path/Frameworks",
				);
				MARKETING_VERSION = 1.0;
				PRODUCT_BUNDLE_IDENTIFIER = com.jesusguerrero.WarCardGame;
				PRODUCT_NAME = "$(TARGET_NAME)";
				SWIFT_EMIT_LOC_STRINGS = YES;
				SWIFT_VERSION = 5.0;
				TARGETED_DEVICE_FAMILY = "1,2";
			};
			name = Release;
		};
		EAF011002B7E4CF500219991 /* Debug */ = {
			isa = XCBuildConfiguration;
			buildSettings = {
				ALWAYS_EMBED_SWIFT_STANDARD_LIBRARIES = YES;
				BUNDLE_LOADER = "$(TEST_HOST)";
				CODE_SIGN_STYLE = Automatic;
				CURRENT_PROJECT_VERSION = 1;
				DEVELOPMENT_TEAM = 43LWQ6KRDR;
				GENERATE_INFOPLIST_FILE = YES;
				IPHONEOS_DEPLOYMENT_TARGET = 17.2;
				MARKETING_VERSION = 1.0;
				PRODUCT_BUNDLE_IDENTIFIER = com.jesusguerrero.WarCardGameTests;
				PRODUCT_NAME = "$(TARGET_NAME)";
				SWIFT_EMIT_LOC_STRINGS = NO;
				SWIFT_VERSION = 5.0;
				TARGETED_DEVICE_FAMILY = "1,2";
				TEST_HOST = "$(BUILT_PRODUCTS_DIR)/WarCardGame.app/$(BUNDLE_EXECUTABLE_FOLDER_PATH)/WarCardGame";
			};
			name = Debug;
		};
		EAF011012B7E4CF500219991 /* Release */ = {
			isa = XCBuildConfiguration;
			buildSettings = {
				ALWAYS_EMBED_SWIFT_STANDARD_LIBRARIES = YES;
				BUNDLE_LOADER = "$(TEST_HOST)";
				CODE_SIGN_STYLE = Automatic;
				CURRENT_PROJECT_VERSION = 1;
				DEVELOPMENT_TEAM = 43LWQ6KRDR;
				GENERATE_INFOPLIST_FILE = YES;
				IPHONEOS_DEPLOYMENT_TARGET = 17.2;
				MARKETING_VERSION = 1.0;
				PRODUCT_BUNDLE_IDENTIFIER = com.jesusguerrero.WarCardGameTests;
				PRODUCT_NAME = "$(TARGET_NAME)";
				SWIFT_EMIT_LOC_STRINGS = NO;
				SWIFT_VERSION = 5.0;
				TARGETED_DEVICE_FAMILY = "1,2";
				TEST_HOST = "$(BUILT_PRODUCTS_DIR)/WarCardGame.app/$(BUNDLE_EXECUTABLE_FOLDER_PATH)/WarCardGame";
			};
			name = Release;
		};
		EAF011032B7E4CF500219991 /* Debug */ = {
			isa = XCBuildConfiguration;
			buildSettings = {
				ALWAYS_EMBED_SWIFT_STANDARD_LIBRARIES = YES;
				CODE_SIGN_STYLE = Automatic;
				CURRENT_PROJECT_VERSION = 1;
				DEVELOPMENT_TEAM = 43LWQ6KRDR;
				GENERATE_INFOPLIST_FILE = YES;
				MARKETING_VERSION = 1.0;
				PRODUCT_BUNDLE_IDENTIFIER = com.jesusguerrero.WarCardGameUITests;
				PRODUCT_NAME = "$(TARGET_NAME)";
				SWIFT_EMIT_LOC_STRINGS = NO;
				SWIFT_VERSION = 5.0;
				TARGETED_DEVICE_FAMILY = "1,2";
				TEST_TARGET_NAME = WarCardGame;
			};
			name = Debug;
		};
		EAF011042B7E4CF500219991 /* Release */ = {
			isa = XCBuildConfiguration;
			buildSettings = {
				ALWAYS_EMBED_SWIFT_STANDARD_LIBRARIES = YES;
				CODE_SIGN_STYLE = Automatic;
				CURRENT_PROJECT_VERSION = 1;
				DEVELOPMENT_TEAM = 43LWQ6KRDR;
				GENERATE_INFOPLIST_FILE = YES;
				MARKETING_VERSION = 1.0;
				PRODUCT_BUNDLE_IDENTIFIER = com.jesusguerrero.WarCardGameUITests;
				PRODUCT_NAME = "$(TARGET_NAME)";
				SWIFT_EMIT_LOC_STRINGS = NO;
				SWIFT_VERSION = 5.0;
				TARGETED_DEVICE_FAMILY = "1,2";
				TEST_TARGET_NAME = WarCardGame;
			};
			name = Release;
		};
/* End XCBuildConfiguration section */

/* Begin XCConfigurationList section */
		EAF010CD2B7E4CF400219991 /* Build configuration list for PBXProject "WarCardGame" */ = {
			isa = XCConfigurationList;
			buildConfigurations = (
				EAF010FA2B7E4CF500219991 /* Debug */,
				EAF010FB2B7E4CF500219991 /* Release */,
			);
			defaultConfigurationIsVisible = 0;
			defaultConfigurationName = Release;
		};
		EAF010FC2B7E4CF500219991 /* Build configuration list for PBXNativeTarget "WarCardGame" */ = {
			isa = XCConfigurationList;
			buildConfigurations = (
				EAF010FD2B7E4CF500219991 /* Debug */,
				EAF010FE2B7E4CF500219991 /* Release */,
			);
			defaultConfigurationIsVisible = 0;
			defaultConfigurationName = Release;
		};
		EAF010FF2B7E4CF500219991 /* Build configuration list for PBXNativeTarget "WarCardGameTests" */ = {
			isa = XCConfigurationList;
			buildConfigurations = (
				EAF011002B7E4CF500219991 /* Debug */,
				EAF011012B7E4CF500219991 /* Release */,
			);
			defaultConfigurationIsVisible = 0;
			defaultConfigurationName = Release;
		};
		EAF011022B7E4CF500219991 /* Build configuration list for PBXNativeTarget "WarCardGameUITests" */ = {
			isa = XCConfigurationList;
			buildConfigurations = (
				EAF011032B7E4CF500219991 /* Debug */,
				EAF011042B7E4CF500219991 /* Release */,
			);
			defaultConfigurationIsVisible = 0;
			defaultConfigurationName = Release;
		};
/* End XCConfigurationList section */
	};
	rootObject = EAF010CA2B7E4CF400219991 /* Project object */;
}
